{
  "pins" : [
    {
      "identity" : "simpletoast",
      "kind" : "remoteSourceControl",
      "location" : "https://github.com/sanzaru/SimpleToast.git",
      "state" : {
        "revision" : "99330cceeea6a9068d40ccbe27efb75d240098ef",
        "version" : "0.10.1"
      }
    }
  ],
  "version" : 2
}
