// !$*UTF8*$!
{
	archiveVersion = 1;
	classes = {
	};
	objectVersion = 56;
	objects = {

/* Begin PBXBuildFile section */
		A77B6DCA2D6EDDC3008A4C2D /* TaskManagerApp.swift in Sources */ = {isa = PBXBuildFile; fileRef = A77B6DC92D6EDDC3008A4C2D /* TaskManagerApp.swift */; };
		A77B6DCE2D6EDDC4008A4C2D /* Assets.xcassets in Resources */ = {isa = PBXBuildFile; fileRef = A77B6DCD2D6EDDC4008A4C2D /* Assets.xcassets */; };
		A77B6DD12D6EDDC4008A4C2D /* Preview Assets.xcassets in Resources */ = {isa = PBXBuildFile; fileRef = A77B6DD02D6EDDC4008A4C2D /* Preview Assets.xcassets */; };
		A77B6DD32D6EDDC4008A4C2D /* Persistence.swift in Sources */ = {isa = PBXBuildFile; fileRef = A77B6DD22D6EDDC4008A4C2D /* Persistence.swift */; };
		A77B6DD62D6EDDC4008A4C2D /* TaskManager.xcdatamodeld in Sources */ = {isa = PBXBuildFile; fileRef = A77B6DD42D6EDDC4008A4C2D /* TaskManager.xcdatamodeld */; };
		A77B6DE02D6EDDC4008A4C2D /* TaskManagerTests.swift in Sources */ = {isa = PBXBuildFile; fileRef = A77B6DDF2D6EDDC4008A4C2D /* TaskManagerTests.swift */; };
		A77B6DEA2D6EDDC4008A4C2D /* TaskManagerUITests.swift in Sources */ = {isa = PBXBuildFile; fileRef = A77B6DE92D6EDDC4008A4C2D /* TaskManagerUITests.swift */; };
		A77B6DEC2D6EDDC4008A4C2D /* TaskManagerUITestsLaunchTests.swift in Sources */ = {isa = PBXBuildFile; fileRef = A77B6DEB2D6EDDC4008A4C2D /* TaskManagerUITestsLaunchTests.swift */; };
		A77B6E032D6EE3D5008A4C2D /* HomeView.swift in Sources */ = {isa = PBXBuildFile; fileRef = A77B6E022D6EE3D5008A4C2D /* HomeView.swift */; };
		A77B6E052D6EE420008A4C2D /* AddTaskView.swift in Sources */ = {isa = PBXBuildFile; fileRef = A77B6E042D6EE420008A4C2D /* AddTaskView.swift */; };
		A77B6E082D6EEACC008A4C2D /* Enum.swift in Sources */ = {isa = PBXBuildFile; fileRef = A77B6E072D6EEACC008A4C2D /* Enum.swift */; };
		A77B6E0A2D6EEADF008A4C2D /* AlertMessages.swift in Sources */ = {isa = PBXBuildFile; fileRef = A77B6E092D6EEADF008A4C2D /* AlertMessages.swift */; };
		A77B6E0F2D6EF0B8008A4C2D /* TaskViewModel.swift in Sources */ = {isa = PBXBuildFile; fileRef = A77B6E0E2D6EF0B8008A4C2D /* TaskViewModel.swift */; };
		A77B6E112D6EF317008A4C2D /* TaskModel.swift in Sources */ = {isa = PBXBuildFile; fileRef = A77B6E102D6EF317008A4C2D /* TaskModel.swift */; };
		A77B6E132D6F2BF6008A4C2D /* String+Extension.swift in Sources */ = {isa = PBXBuildFile; fileRef = A77B6E122D6F2BF6008A4C2D /* String+Extension.swift */; };
		A77B6E152D6F2CB3008A4C2D /* Date+Extension.swift in Sources */ = {isa = PBXBuildFile; fileRef = A77B6E142D6F2CB3008A4C2D /* Date+Extension.swift */; };
		A7A64FD32D7240E5002A38AF /* AddTaskView_UITests.swift in Sources */ = {isa = PBXBuildFile; fileRef = A7A64FD22D7240E5002A38AF /* AddTaskView_UITests.swift */; };
		A7A64FD52D725135002A38AF /* HomeView_UITests.swift in Sources */ = {isa = PBXBuildFile; fileRef = A7A64FD42D725135002A38AF /* HomeView_UITests.swift */; };
		A7A6D9AE2D71F2B800E6E322 /* ColorManager.swift in Sources */ = {isa = PBXBuildFile; fileRef = A7A6D9AD2D71F2B800E6E322 /* ColorManager.swift */; };
		A7ADD4FF2D72EF5A003673CF /* HomeViewSnapshotTests.swift in Sources */ = {isa = PBXBuildFile; fileRef = A7ADD4FE2D72EF5A003673CF /* HomeViewSnapshotTests.swift */; };
		A7ADD5132D72F2AA003673CF /* InlineSnapshotTesting in Frameworks */ = {isa = PBXBuildFile; productRef = A7ADD5122D72F2AA003673CF /* InlineSnapshotTesting */; };
		A7ADD5152D72F2AA003673CF /* SnapshotTesting in Frameworks */ = {isa = PBXBuildFile; productRef = A7ADD5142D72F2AA003673CF /* SnapshotTesting */; };
		A7ADD5172D72F2AA003673CF /* SnapshotTestingCustomDump in Frameworks */ = {isa = PBXBuildFile; productRef = A7ADD5162D72F2AA003673CF /* SnapshotTestingCustomDump */; };
		A7ADD5192D72F366003673CF /* AddTaskViewSnapshotTests.swift in Sources */ = {isa = PBXBuildFile; fileRef = A7ADD5182D72F366003673CF /* AddTaskViewSnapshotTests.swift */; };
		A7ADD51B2D72F3C4003673CF /* SettingsViewSnapshotTests.swift in Sources */ = {isa = PBXBuildFile; fileRef = A7ADD51A2D72F3C4003673CF /* SettingsViewSnapshotTests.swift */; };
		A7B0F9EB2D701B8500F1BE5A /* SimpleToast in Frameworks */ = {isa = PBXBuildFile; productRef = A7B0F9EA2D701B8500F1BE5A /* SimpleToast */; };
		A7B0F9EE2D701E1D00F1BE5A /* ToastHelper.swift in Sources */ = {isa = PBXBuildFile; fileRef = A7B0F9ED2D701E1D00F1BE5A /* ToastHelper.swift */; };
		A7B0F9F02D703F5200F1BE5A /* BookmarkBadgeView.swift in Sources */ = {isa = PBXBuildFile; fileRef = A7B0F9EF2D703F5200F1BE5A /* BookmarkBadgeView.swift */; };
		A7C654D32D6F74D100D7345D /* DBTask+CoreDataClass.swift in Sources */ = {isa = PBXBuildFile; fileRef = A7C654D12D6F74D100D7345D /* DBTask+CoreDataClass.swift */; };
		A7C654D42D6F74D100D7345D /* DBTask+CoreDataProperties.swift in Sources */ = {isa = PBXBuildFile; fileRef = A7C654D22D6F74D100D7345D /* DBTask+CoreDataProperties.swift */; };
		A7C654D82D6F8D4200D7345D /* CoreDataManager.swift in Sources */ = {isa = PBXBuildFile; fileRef = A7C654D72D6F8D4200D7345D /* CoreDataManager.swift */; };
		A7CEB29F2D7079B900FC49E4 /* View+Extension.swift in Sources */ = {isa = PBXBuildFile; fileRef = A7CEB29E2D7079B900FC49E4 /* View+Extension.swift */; };
		A7CEB2A12D708F8000FC49E4 /* SettingsView.swift in Sources */ = {isa = PBXBuildFile; fileRef = A7CEB2A02D708F8000FC49E4 /* SettingsView.swift */; };
		A7CEB2A52D70A38800FC49E4 /* LaunchScreen.storyboard in Resources */ = {isa = PBXBuildFile; fileRef = A7CEB2A42D70A38800FC49E4 /* LaunchScreen.storyboard */; };
		A7CEB2A72D70B37F00FC49E4 /* CircularProgressView.swift in Sources */ = {isa = PBXBuildFile; fileRef = A7CEB2A62D70B37F00FC49E4 /* CircularProgressView.swift */; };
/* End PBXBuildFile section */

/* Begin PBXContainerItemProxy section */
		A77B6DDC2D6EDDC4008A4C2D /* PBXContainerItemProxy */ = {
			isa = PBXContainerItemProxy;
			containerPortal = A77B6DBE2D6EDDC3008A4C2D /* Project object */;
			proxyType = 1;
			remoteGlobalIDString = A77B6DC52D6EDDC3008A4C2D;
			remoteInfo = TaskManager;
		};
		A77B6DE62D6EDDC4008A4C2D /* PBXContainerItemProxy */ = {
			isa = PBXContainerItemProxy;
			containerPortal = A77B6DBE2D6EDDC3008A4C2D /* Project object */;
			proxyType = 1;
			remoteGlobalIDString = A77B6DC52D6EDDC3008A4C2D;
			remoteInfo = TaskManager;
		};
/* End PBXContainerItemProxy section */

/* Begin PBXFileReference section */
		A77B6DC62D6EDDC3008A4C2D /* TaskManager.app */ = {isa = PBXFileReference; explicitFileType = wrapper.application; includeInIndex = 0; path = TaskManager.app; sourceTree = BUILT_PRODUCTS_DIR; };
		A77B6DC92D6EDDC3008A4C2D /* TaskManagerApp.swift */ = {isa = PBXFileReference; lastKnownFileType = sourcecode.swift; path = TaskManagerApp.swift; sourceTree = "<group>"; };
		A77B6DCD2D6EDDC4008A4C2D /* Assets.xcassets */ = {isa = PBXFileReference; lastKnownFileType = folder.assetcatalog; path = Assets.xcassets; sourceTree = "<group>"; };
		A77B6DD02D6EDDC4008A4C2D /* Preview Assets.xcassets */ = {isa = PBXFileReference; lastKnownFileType = folder.assetcatalog; path = "Preview Assets.xcassets"; sourceTree = "<group>"; };
		A77B6DD22D6EDDC4008A4C2D /* Persistence.swift */ = {isa = PBXFileReference; lastKnownFileType = sourcecode.swift; path = Persistence.swift; sourceTree = "<group>"; };
		A77B6DD52D6EDDC4008A4C2D /* TaskManager.xcdatamodel */ = {isa = PBXFileReference; lastKnownFileType = wrapper.xcdatamodel; path = TaskManager.xcdatamodel; sourceTree = "<group>"; };
		A77B6DDB2D6EDDC4008A4C2D /* TaskManagerTests.xctest */ = {isa = PBXFileReference; explicitFileType = wrapper.cfbundle; includeInIndex = 0; path = TaskManagerTests.xctest; sourceTree = BUILT_PRODUCTS_DIR; };
		A77B6DDF2D6EDDC4008A4C2D /* TaskManagerTests.swift */ = {isa = PBXFileReference; lastKnownFileType = sourcecode.swift; path = TaskManagerTests.swift; sourceTree = "<group>"; };
		A77B6DE52D6EDDC4008A4C2D /* TaskManagerUITests.xctest */ = {isa = PBXFileReference; explicitFileType = wrapper.cfbundle; includeInIndex = 0; path = TaskManagerUITests.xctest; sourceTree = BUILT_PRODUCTS_DIR; };
		A77B6DE92D6EDDC4008A4C2D /* TaskManagerUITests.swift */ = {isa = PBXFileReference; lastKnownFileType = sourcecode.swift; path = TaskManagerUITests.swift; sourceTree = "<group>"; };
		A77B6DEB2D6EDDC4008A4C2D /* TaskManagerUITestsLaunchTests.swift */ = {isa = PBXFileReference; lastKnownFileType = sourcecode.swift; path = TaskManagerUITestsLaunchTests.swift; sourceTree = "<group>"; };
		A77B6E022D6EE3D5008A4C2D /* HomeView.swift */ = {isa = PBXFileReference; lastKnownFileType = sourcecode.swift; path = HomeView.swift; sourceTree = "<group>"; };
		A77B6E042D6EE420008A4C2D /* AddTaskView.swift */ = {isa = PBXFileReference; lastKnownFileType = sourcecode.swift; path = AddTaskView.swift; sourceTree = "<group>"; };
		A77B6E072D6EEACC008A4C2D /* Enum.swift */ = {isa = PBXFileReference; lastKnownFileType = sourcecode.swift; path = Enum.swift; sourceTree = "<group>"; };
		A77B6E092D6EEADF008A4C2D /* AlertMessages.swift */ = {isa = PBXFileReference; lastKnownFileType = sourcecode.swift; path = AlertMessages.swift; sourceTree = "<group>"; };
		A77B6E0E2D6EF0B8008A4C2D /* TaskViewModel.swift */ = {isa = PBXFileReference; lastKnownFileType = sourcecode.swift; path = TaskViewModel.swift; sourceTree = "<group>"; };
		A77B6E102D6EF317008A4C2D /* TaskModel.swift */ = {isa = PBXFileReference; lastKnownFileType = sourcecode.swift; path = TaskModel.swift; sourceTree = "<group>"; };
		A77B6E122D6F2BF6008A4C2D /* String+Extension.swift */ = {isa = PBXFileReference; lastKnownFileType = sourcecode.swift; path = "String+Extension.swift"; sourceTree = "<group>"; };
		A77B6E142D6F2CB3008A4C2D /* Date+Extension.swift */ = {isa = PBXFileReference; lastKnownFileType = sourcecode.swift; path = "Date+Extension.swift"; sourceTree = "<group>"; };
		A7A64FD22D7240E5002A38AF /* AddTaskView_UITests.swift */ = {isa = PBXFileReference; lastKnownFileType = sourcecode.swift; path = AddTaskView_UITests.swift; sourceTree = "<group>"; };
		A7A64FD42D725135002A38AF /* HomeView_UITests.swift */ = {isa = PBXFileReference; lastKnownFileType = sourcecode.swift; path = HomeView_UITests.swift; sourceTree = "<group>"; };
		A7A6D9AD2D71F2B800E6E322 /* ColorManager.swift */ = {isa = PBXFileReference; fileEncoding = 4; lastKnownFileType = sourcecode.swift; path = ColorManager.swift; sourceTree = "<group>"; };
		A7ADD4FE2D72EF5A003673CF /* HomeViewSnapshotTests.swift */ = {isa = PBXFileReference; lastKnownFileType = sourcecode.swift; path = HomeViewSnapshotTests.swift; sourceTree = "<group>"; };
		A7ADD5182D72F366003673CF /* AddTaskViewSnapshotTests.swift */ = {isa = PBXFileReference; lastKnownFileType = sourcecode.swift; path = AddTaskViewSnapshotTests.swift; sourceTree = "<group>"; };
		A7ADD51A2D72F3C4003673CF /* SettingsViewSnapshotTests.swift */ = {isa = PBXFileReference; lastKnownFileType = sourcecode.swift; path = SettingsViewSnapshotTests.swift; sourceTree = "<group>"; };
		A7B0F9ED2D701E1D00F1BE5A /* ToastHelper.swift */ = {isa = PBXFileReference; lastKnownFileType = sourcecode.swift; path = ToastHelper.swift; sourceTree = "<group>"; };
		A7B0F9EF2D703F5200F1BE5A /* BookmarkBadgeView.swift */ = {isa = PBXFileReference; lastKnownFileType = sourcecode.swift; path = BookmarkBadgeView.swift; sourceTree = "<group>"; };
		A7C654D12D6F74D100D7345D /* DBTask+CoreDataClass.swift */ = {isa = PBXFileReference; lastKnownFileType = sourcecode.swift; path = "DBTask+CoreDataClass.swift"; sourceTree = "<group>"; };
		A7C654D22D6F74D100D7345D /* DBTask+CoreDataProperties.swift */ = {isa = PBXFileReference; lastKnownFileType = sourcecode.swift; path = "DBTask+CoreDataProperties.swift"; sourceTree = "<group>"; };
		A7C654D72D6F8D4200D7345D /* CoreDataManager.swift */ = {isa = PBXFileReference; lastKnownFileType = sourcecode.swift; path = CoreDataManager.swift; sourceTree = "<group>"; };
		A7CEB29E2D7079B900FC49E4 /* View+Extension.swift */ = {isa = PBXFileReference; lastKnownFileType = sourcecode.swift; path = "View+Extension.swift"; sourceTree = "<group>"; };
		A7CEB2A02D708F8000FC49E4 /* SettingsView.swift */ = {isa = PBXFileReference; lastKnownFileType = sourcecode.swift; path = SettingsView.swift; sourceTree = "<group>"; };
		A7CEB2A42D70A38800FC49E4 /* LaunchScreen.storyboard */ = {isa = PBXFileReference; lastKnownFileType = file.storyboard; path = LaunchScreen.storyboard; sourceTree = "<group>"; };
		A7CEB2A62D70B37F00FC49E4 /* CircularProgressView.swift */ = {isa = PBXFileReference; lastKnownFileType = sourcecode.swift; path = CircularProgressView.swift; sourceTree = "<group>"; };
/* End PBXFileReference section */

/* Begin PBXFrameworksBuildPhase section */
		A77B6DC32D6EDDC3008A4C2D /* Frameworks */ = {
			isa = PBXFrameworksBuildPhase;
			buildActionMask = 2147483647;
			files = (
				A7B0F9EB2D701B8500F1BE5A /* SimpleToast in Frameworks */,
			);
			runOnlyForDeploymentPostprocessing = 0;
		};
		A77B6DD82D6EDDC4008A4C2D /* Frameworks */ = {
			isa = PBXFrameworksBuildPhase;
			buildActionMask = 2147483647;
			files = (
				A7ADD5172D72F2AA003673CF /* SnapshotTestingCustomDump in Frameworks */,
				A7ADD5132D72F2AA003673CF /* InlineSnapshotTesting in Frameworks */,
				A7ADD5152D72F2AA003673CF /* SnapshotTesting in Frameworks */,
			);
			runOnlyForDeploymentPostprocessing = 0;
		};
		A77B6DE22D6EDDC4008A4C2D /* Frameworks */ = {
			isa = PBXFrameworksBuildPhase;
			buildActionMask = 2147483647;
			files = (
			);
			runOnlyForDeploymentPostprocessing = 0;
		};
/* End PBXFrameworksBuildPhase section */

/* Begin PBXGroup section */
		A77B6DBD2D6EDDC3008A4C2D = {
			isa = PBXGroup;
			children = (
				A77B6DC82D6EDDC3008A4C2D /* TaskManager */,
				A77B6DDE2D6EDDC4008A4C2D /* TaskManagerTests */,
				A77B6DE82D6EDDC4008A4C2D /* TaskManagerUITests */,
				A77B6DC72D6EDDC3008A4C2D /* Products */,
			);
			sourceTree = "<group>";
		};
		A77B6DC72D6EDDC3008A4C2D /* Products */ = {
			isa = PBXGroup;
			children = (
				A77B6DC62D6EDDC3008A4C2D /* TaskManager.app */,
				A77B6DDB2D6EDDC4008A4C2D /* TaskManagerTests.xctest */,
				A77B6DE52D6EDDC4008A4C2D /* TaskManagerUITests.xctest */,
			);
			name = Products;
			sourceTree = "<group>";
		};
		A77B6DC82D6EDDC3008A4C2D /* TaskManager */ = {
			isa = PBXGroup;
			children = (
				A77B6DC92D6EDDC3008A4C2D /* TaskManagerApp.swift */,
				A77B6DCD2D6EDDC4008A4C2D /* Assets.xcassets */,
				A77B6DFB2D6EE0CE008A4C2D /* Model */,
				A77B6DFA2D6EE0C9008A4C2D /* View */,
				A77B6DF92D6EE0BF008A4C2D /* ViewModel */,
				A77B6DF82D6EE0B5008A4C2D /* Resources */,
				A77B6DCF2D6EDDC4008A4C2D /* Preview Content */,
			);
			path = TaskManager;
			sourceTree = "<group>";
		};
		A77B6DCF2D6EDDC4008A4C2D /* Preview Content */ = {
			isa = PBXGroup;
			children = (
				A77B6DD02D6EDDC4008A4C2D /* Preview Assets.xcassets */,
			);
			path = "Preview Content";
			sourceTree = "<group>";
		};
		A77B6DDE2D6EDDC4008A4C2D /* TaskManagerTests */ = {
			isa = PBXGroup;
			children = (
				A77B6DDF2D6EDDC4008A4C2D /* TaskManagerTests.swift */,
				A7ADD4FE2D72EF5A003673CF /* HomeViewSnapshotTests.swift */,
				A7ADD5182D72F366003673CF /* AddTaskViewSnapshotTests.swift */,
				A7ADD51A2D72F3C4003673CF /* SettingsViewSnapshotTests.swift */,
			);
			path = TaskManagerTests;
			sourceTree = "<group>";
		};
		A77B6DE82D6EDDC4008A4C2D /* TaskManagerUITests */ = {
			isa = PBXGroup;
			children = (
				A77B6DE92D6EDDC4008A4C2D /* TaskManagerUITests.swift */,
				A77B6DEB2D6EDDC4008A4C2D /* TaskManagerUITestsLaunchTests.swift */,
				A7A64FD22D7240E5002A38AF /* AddTaskView_UITests.swift */,
				A7A64FD42D725135002A38AF /* HomeView_UITests.swift */,
			);
			path = TaskManagerUITests;
			sourceTree = "<group>";
		};
		A77B6DF82D6EE0B5008A4C2D /* Resources */ = {
			isa = PBXGroup;
			children = (
				A7A6D9AD2D71F2B800E6E322 /* ColorManager.swift */,
				A7B0F9EC2D701DFE00F1BE5A /* CustomViews */,
				A77B6E062D6EEABD008A4C2D /* Constants */,
				A77B6DFE2D6EE10B008A4C2D /* Extensions */,
				A77B6DFC2D6EE0E3008A4C2D /* Services */,
			);
			path = Resources;
			sourceTree = "<group>";
		};
		A77B6DF92D6EE0BF008A4C2D /* ViewModel */ = {
			isa = PBXGroup;
			children = (
				A77B6E0E2D6EF0B8008A4C2D /* TaskViewModel.swift */,
			);
			path = ViewModel;
			sourceTree = "<group>";
		};
		A77B6DFA2D6EE0C9008A4C2D /* View */ = {
			isa = PBXGroup;
			children = (
				A7CEB2A42D70A38800FC49E4 /* LaunchScreen.storyboard */,
				A77B6E022D6EE3D5008A4C2D /* HomeView.swift */,
				A77B6E042D6EE420008A4C2D /* AddTaskView.swift */,
				A7CEB2A02D708F8000FC49E4 /* SettingsView.swift */,
			);
			path = View;
			sourceTree = "<group>";
		};
		A77B6DFB2D6EE0CE008A4C2D /* Model */ = {
			isa = PBXGroup;
			children = (
				A77B6E102D6EF317008A4C2D /* TaskModel.swift */,
			);
			path = Model;
			sourceTree = "<group>";
		};
		A77B6DFC2D6EE0E3008A4C2D /* Services */ = {
			isa = PBXGroup;
			children = (
				A77B6DFD2D6EE0EF008A4C2D /* CoreData */,
			);
			path = Services;
			sourceTree = "<group>";
		};
		A77B6DFD2D6EE0EF008A4C2D /* CoreData */ = {
			isa = PBXGroup;
			children = (
				A77B6DD22D6EDDC4008A4C2D /* Persistence.swift */,
				A7C654D72D6F8D4200D7345D /* CoreDataManager.swift */,
				A77B6DD42D6EDDC4008A4C2D /* TaskManager.xcdatamodeld */,
				A7C654CC2D6F741900D7345D /* Model */,
			);
			path = CoreData;
			sourceTree = "<group>";
		};
		A77B6DFE2D6EE10B008A4C2D /* Extensions */ = {
			isa = PBXGroup;
			children = (
				A77B6E122D6F2BF6008A4C2D /* String+Extension.swift */,
				A77B6E142D6F2CB3008A4C2D /* Date+Extension.swift */,
				A7CEB29E2D7079B900FC49E4 /* View+Extension.swift */,
			);
			path = Extensions;
			sourceTree = "<group>";
		};
		A77B6E062D6EEABD008A4C2D /* Constants */ = {
			isa = PBXGroup;
			children = (
				A77B6E072D6EEACC008A4C2D /* Enum.swift */,
				A77B6E092D6EEADF008A4C2D /* AlertMessages.swift */,
			);
			path = Constants;
			sourceTree = "<group>";
		};
		A7B0F9EC2D701DFE00F1BE5A /* CustomViews */ = {
			isa = PBXGroup;
			children = (
				A7B0F9ED2D701E1D00F1BE5A /* ToastHelper.swift */,
				A7B0F9EF2D703F5200F1BE5A /* BookmarkBadgeView.swift */,
				A7CEB2A62D70B37F00FC49E4 /* CircularProgressView.swift */,
			);
			path = CustomViews;
			sourceTree = "<group>";
		};
		A7C654CC2D6F741900D7345D /* Model */ = {
			isa = PBXGroup;
			children = (
				A7C654D12D6F74D100D7345D /* DBTask+CoreDataClass.swift */,
				A7C654D22D6F74D100D7345D /* DBTask+CoreDataProperties.swift */,
			);
			path = Model;
			sourceTree = "<group>";
		};
/* End PBXGroup section */

/* Begin PBXNativeTarget section */
		A77B6DC52D6EDDC3008A4C2D /* TaskManager */ = {
			isa = PBXNativeTarget;
			buildConfigurationList = A77B6DEF2D6EDDC4008A4C2D /* Build configuration list for PBXNativeTarget "TaskManager" */;
			buildPhases = (
				A77B6DC22D6EDDC3008A4C2D /* Sources */,
				A77B6DC32D6EDDC3008A4C2D /* Frameworks */,
				A77B6DC42D6EDDC3008A4C2D /* Resources */,
			);
			buildRules = (
			);
			dependencies = (
			);
			name = TaskManager;
			packageProductDependencies = (
				A7B0F9EA2D701B8500F1BE5A /* SimpleToast */,
			);
			productName = TaskManager;
			productReference = A77B6DC62D6EDDC3008A4C2D /* TaskManager.app */;
			productType = "com.apple.product-type.application";
		};
		A77B6DDA2D6EDDC4008A4C2D /* TaskManagerTests */ = {
			isa = PBXNativeTarget;
			buildConfigurationList = A77B6DF22D6EDDC4008A4C2D /* Build configuration list for PBXNativeTarget "TaskManagerTests" */;
			buildPhases = (
				A77B6DD72D6EDDC4008A4C2D /* Sources */,
				A77B6DD82D6EDDC4008A4C2D /* Frameworks */,
				A77B6DD92D6EDDC4008A4C2D /* Resources */,
			);
			buildRules = (
			);
			dependencies = (
				A77B6DDD2D6EDDC4008A4C2D /* PBXTargetDependency */,
			);
			name = TaskManagerTests;
			packageProductDependencies = (
				A7ADD5122D72F2AA003673CF /* InlineSnapshotTesting */,
				A7ADD5142D72F2AA003673CF /* SnapshotTesting */,
				A7ADD5162D72F2AA003673CF /* SnapshotTestingCustomDump */,
			);
			productName = TaskManagerTests;
			productReference = A77B6DDB2D6EDDC4008A4C2D /* TaskManagerTests.xctest */;
			productType = "com.apple.product-type.bundle.unit-test";
		};
		A77B6DE42D6EDDC4008A4C2D /* TaskManagerUITests */ = {
			isa = PBXNativeTarget;
			buildConfigurationList = A77B6DF52D6EDDC4008A4C2D /* Build configuration list for PBXNativeTarget "TaskManagerUITests" */;
			buildPhases = (
				A77B6DE12D6EDDC4008A4C2D /* Sources */,
				A77B6DE22D6EDDC4008A4C2D /* Frameworks */,
				A77B6DE32D6EDDC4008A4C2D /* Resources */,
			);
			buildRules = (
			);
			dependencies = (
				A77B6DE72D6EDDC4008A4C2D /* PBXTargetDependency */,
			);
			name = TaskManagerUITests;
			productName = TaskManagerUITests;
			productReference = A77B6DE52D6EDDC4008A4C2D /* TaskManagerUITests.xctest */;
			productType = "com.apple.product-type.bundle.ui-testing";
		};
/* End PBXNativeTarget section */

/* Begin PBXProject section */
		A77B6DBE2D6EDDC3008A4C2D /* Project object */ = {
			isa = PBXProject;
			attributes = {
				BuildIndependentTargetsInParallel = 1;
				LastSwiftUpdateCheck = 1510;
				LastUpgradeCheck = 1510;
				TargetAttributes = {
					A77B6DC52D6EDDC3008A4C2D = {
						CreatedOnToolsVersion = 15.1;
					};
					A77B6DDA2D6EDDC4008A4C2D = {
						CreatedOnToolsVersion = 15.1;
						TestTargetID = A77B6DC52D6EDDC3008A4C2D;
					};
					A77B6DE42D6EDDC4008A4C2D = {
						CreatedOnToolsVersion = 15.1;
						TestTargetID = A77B6DC52D6EDDC3008A4C2D;
					};
				};
			};
			buildConfigurationList = A77B6DC12D6EDDC3008A4C2D /* Build configuration list for PBXProject "TaskManager" */;
			compatibilityVersion = "Xcode 14.0";
			developmentRegion = en;
			hasScannedForEncodings = 0;
			knownRegions = (
				en,
				Base,
			);
			mainGroup = A77B6DBD2D6EDDC3008A4C2D;
			packageReferences = (
				A7B0F9E92D701B8500F1BE5A /* XCRemoteSwiftPackageReference "SimpleToast" */,
				A7ADD5112D72F2AA003673CF /* XCRemoteSwiftPackageReference "swift-snapshot-testing" */,
			);
			productRefGroup = A77B6DC72D6EDDC3008A4C2D /* Products */;
			projectDirPath = "";
			projectRoot = "";
			targets = (
				A77B6DC52D6EDDC3008A4C2D /* TaskManager */,
				A77B6DDA2D6EDDC4008A4C2D /* TaskManagerTests */,
				A77B6DE42D6EDDC4008A4C2D /* TaskManagerUITests */,
			);
		};
/* End PBXProject section */

/* Begin PBXResourcesBuildPhase section */
		A77B6DC42D6EDDC3008A4C2D /* Resources */ = {
			isa = PBXResourcesBuildPhase;
			buildActionMask = 2147483647;
			files = (
				A7CEB2A52D70A38800FC49E4 /* LaunchScreen.storyboard in Resources */,
				A77B6DD12D6EDDC4008A4C2D /* Preview Assets.xcassets in Resources */,
				A77B6DCE2D6EDDC4008A4C2D /* Assets.xcassets in Resources */,
			);
			runOnlyForDeploymentPostprocessing = 0;
		};
		A77B6DD92D6EDDC4008A4C2D /* Resources */ = {
			isa = PBXResourcesBuildPhase;
			buildActionMask = 2147483647;
			files = (
			);
			runOnlyForDeploymentPostprocessing = 0;
		};
		A77B6DE32D6EDDC4008A4C2D /* Resources */ = {
			isa = PBXResourcesBuildPhase;
			buildActionMask = 2147483647;
			files = (
			);
			runOnlyForDeploymentPostprocessing = 0;
		};
/* End PBXResourcesBuildPhase section */

/* Begin PBXSourcesBuildPhase section */
		A77B6DC22D6EDDC3008A4C2D /* Sources */ = {
			isa = PBXSourcesBuildPhase;
			buildActionMask = 2147483647;
			files = (
				A7A6D9AE2D71F2B800E6E322 /* ColorManager.swift in Sources */,
				A7CEB2A12D708F8000FC49E4 /* SettingsView.swift in Sources */,
				A77B6DD32D6EDDC4008A4C2D /* Persistence.swift in Sources */,
				A7C654D32D6F74D100D7345D /* DBTask+CoreDataClass.swift in Sources */,
				A7CEB29F2D7079B900FC49E4 /* View+Extension.swift in Sources */,
				A77B6E112D6EF317008A4C2D /* TaskModel.swift in Sources */,
				A7C654D42D6F74D100D7345D /* DBTask+CoreDataProperties.swift in Sources */,
				A77B6DD62D6EDDC4008A4C2D /* TaskManager.xcdatamodeld in Sources */,
				A77B6E052D6EE420008A4C2D /* AddTaskView.swift in Sources */,
				A7B0F9EE2D701E1D00F1BE5A /* ToastHelper.swift in Sources */,
				A7CEB2A72D70B37F00FC49E4 /* CircularProgressView.swift in Sources */,
				A77B6E152D6F2CB3008A4C2D /* Date+Extension.swift in Sources */,
				A77B6E082D6EEACC008A4C2D /* Enum.swift in Sources */,
				A77B6E032D6EE3D5008A4C2D /* HomeView.swift in Sources */,
				A7B0F9F02D703F5200F1BE5A /* BookmarkBadgeView.swift in Sources */,
				A77B6E0A2D6EEADF008A4C2D /* AlertMessages.swift in Sources */,
				A77B6E0F2D6EF0B8008A4C2D /* TaskViewModel.swift in Sources */,
				A77B6E132D6F2BF6008A4C2D /* String+Extension.swift in Sources */,
				A7C654D82D6F8D4200D7345D /* CoreDataManager.swift in Sources */,
				A77B6DCA2D6EDDC3008A4C2D /* TaskManagerApp.swift in Sources */,
			);
			runOnlyForDeploymentPostprocessing = 0;
		};
		A77B6DD72D6EDDC4008A4C2D /* Sources */ = {
			isa = PBXSourcesBuildPhase;
			buildActionMask = 2147483647;
			files = (
				A77B6DE02D6EDDC4008A4C2D /* TaskManagerTests.swift in Sources */,
				A7ADD51B2D72F3C4003673CF /* SettingsViewSnapshotTests.swift in Sources */,
				A7ADD5192D72F366003673CF /* AddTaskViewSnapshotTests.swift in Sources */,
				A7ADD4FF2D72EF5A003673CF /* HomeViewSnapshotTests.swift in Sources */,
			);
			runOnlyForDeploymentPostprocessing = 0;
		};
		A77B6DE12D6EDDC4008A4C2D /* Sources */ = {
			isa = PBXSourcesBuildPhase;
			buildActionMask = 2147483647;
			files = (
				A77B6DEA2D6EDDC4008A4C2D /* TaskManagerUITests.swift in Sources */,
				A7A64FD52D725135002A38AF /* HomeView_UITests.swift in Sources */,
				A77B6DEC2D6EDDC4008A4C2D /* TaskManagerUITestsLaunchTests.swift in Sources */,
				A7A64FD32D7240E5002A38AF /* AddTaskView_UITests.swift in Sources */,
			);
			runOnlyForDeploymentPostprocessing = 0;
		};
/* End PBXSourcesBuildPhase section */

/* Begin PBXTargetDependency section */
		A77B6DDD2D6EDDC4008A4C2D /* PBXTargetDependency */ = {
			isa = PBXTargetDependency;
			target = A77B6DC52D6EDDC3008A4C2D /* TaskManager */;
			targetProxy = A77B6DDC2D6EDDC4008A4C2D /* PBXContainerItemProxy */;
		};
		A77B6DE72D6EDDC4008A4C2D /* PBXTargetDependency */ = {
			isa = PBXTargetDependency;
			target = A77B6DC52D6EDDC3008A4C2D /* TaskManager */;
			targetProxy = A77B6DE62D6EDDC4008A4C2D /* PBXContainerItemProxy */;
		};
/* End PBXTargetDependency section */

/* Begin XCBuildConfiguration section */
		A77B6DED2D6EDDC4008A4C2D /* Debug */ = {
			isa = XCBuildConfiguration;
			buildSettings = {
				ALWAYS_SEARCH_USER_PATHS = NO;
				ASSETCATALOG_COMPILER_GENERATE_SWIFT_ASSET_SYMBOL_EXTENSIONS = YES;
				CLANG_ANALYZER_NONNULL = YES;
				CLANG_ANALYZER_NUMBER_OBJECT_CONVERSION = YES_AGGRESSIVE;
				CLANG_CXX_LANGUAGE_STANDARD = "gnu++20";
				CLANG_ENABLE_MODULES = YES;
				CLANG_ENABLE_OBJC_ARC = YES;
				CLANG_ENABLE_OBJC_WEAK = YES;
				CLANG_WARN_BLOCK_CAPTURE_AUTORELEASING = YES;
				CLANG_WARN_BOOL_CONVERSION = YES;
				CLANG_WARN_COMMA = YES;
				CLANG_WARN_CONSTANT_CONVERSION = YES;
				CLANG_WARN_DEPRECATED_OBJC_IMPLEMENTATIONS = YES;
				CLANG_WARN_DIRECT_OBJC_ISA_USAGE = YES_ERROR;
				CLANG_WARN_DOCUMENTATION_COMMENTS = YES;
				CLANG_WARN_EMPTY_BODY = YES;
				CLANG_WARN_ENUM_CONVERSION = YES;
				CLANG_WARN_INFINITE_RECURSION = YES;
				CLANG_WARN_INT_CONVERSION = YES;
				CLANG_WARN_NON_LITERAL_NULL_CONVERSION = YES;
				CLANG_WARN_OBJC_IMPLICIT_RETAIN_SELF = YES;
				CLANG_WARN_OBJC_LITERAL_CONVERSION = YES;
				CLANG_WARN_OBJC_ROOT_CLASS = YES_ERROR;
				CLANG_WARN_QUOTED_INCLUDE_IN_FRAMEWORK_HEADER = YES;
				CLANG_WARN_RANGE_LOOP_ANALYSIS = YES;
				CLANG_WARN_STRICT_PROTOTYPES = YES;
				CLANG_WARN_SUSPICIOUS_MOVE = YES;
				CLANG_WARN_UNGUARDED_AVAILABILITY = YES_AGGRESSIVE;
				CLANG_WARN_UNREACHABLE_CODE = YES;
				CLANG_WARN__DUPLICATE_METHOD_MATCH = YES;
				COPY_PHASE_STRIP = NO;
				DEBUG_INFORMATION_FORMAT = dwarf;
				ENABLE_STRICT_OBJC_MSGSEND = YES;
				ENABLE_TESTABILITY = YES;
				ENABLE_USER_SCRIPT_SANDBOXING = YES;
				GCC_C_LANGUAGE_STANDARD = gnu17;
				GCC_DYNAMIC_NO_PIC = NO;
				GCC_NO_COMMON_BLOCKS = YES;
				GCC_OPTIMIZATION_LEVEL = 0;
				GCC_PREPROCESSOR_DEFINITIONS = (
					"DEBUG=1",
					"$(inherited)",
				);
				GCC_WARN_64_TO_32_BIT_CONVERSION = YES;
				GCC_WARN_ABOUT_RETURN_TYPE = YES_ERROR;
				GCC_WARN_UNDECLARED_SELECTOR = YES;
				GCC_WARN_UNINITIALIZED_AUTOS = YES_AGGRESSIVE;
				GCC_WARN_UNUSED_FUNCTION = YES;
				GCC_WARN_UNUSED_VARIABLE = YES;
				IPHONEOS_DEPLOYMENT_TARGET = 17.2;
				LOCALIZATION_PREFERS_STRING_CATALOGS = YES;
				MTL_ENABLE_DEBUG_INFO = INCLUDE_SOURCE;
				MTL_FAST_MATH = YES;
				ONLY_ACTIVE_ARCH = YES;
				SDKROOT = iphoneos;
				SWIFT_ACTIVE_COMPILATION_CONDITIONS = "DEBUG $(inherited)";
				SWIFT_OPTIMIZATION_LEVEL = "-Onone";
			};
			name = Debug;
		};
		A77B6DEE2D6EDDC4008A4C2D /* Release */ = {
			isa = XCBuildConfiguration;
			buildSettings = {
				ALWAYS_SEARCH_USER_PATHS = NO;
				ASSETCATALOG_COMPILER_GENERATE_SWIFT_ASSET_SYMBOL_EXTENSIONS = YES;
				CLANG_ANALYZER_NONNULL = YES;
				CLANG_ANALYZER_NUMBER_OBJECT_CONVERSION = YES_AGGRESSIVE;
				CLANG_CXX_LANGUAGE_STANDARD = "gnu++20";
				CLANG_ENABLE_MODULES = YES;
				CLANG_ENABLE_OBJC_ARC = YES;
				CLANG_ENABLE_OBJC_WEAK = YES;
				CLANG_WARN_BLOCK_CAPTURE_AUTORELEASING = YES;
				CLANG_WARN_BOOL_CONVERSION = YES;
				CLANG_WARN_COMMA = YES;
				CLANG_WARN_CONSTANT_CONVERSION = YES;
				CLANG_WARN_DEPRECATED_OBJC_IMPLEMENTATIONS = YES;
				CLANG_WARN_DIRECT_OBJC_ISA_USAGE = YES_ERROR;
				CLANG_WARN_DOCUMENTATION_COMMENTS = YES;
				CLANG_WARN_EMPTY_BODY = YES;
				CLANG_WARN_ENUM_CONVERSION = YES;
				CLANG_WARN_INFINITE_RECURSION = YES;
				CLANG_WARN_INT_CONVERSION = YES;
				CLANG_WARN_NON_LITERAL_NULL_CONVERSION = YES;
				CLANG_WARN_OBJC_IMPLICIT_RETAIN_SELF = YES;
				CLANG_WARN_OBJC_LITERAL_CONVERSION = YES;
				CLANG_WARN_OBJC_ROOT_CLASS = YES_ERROR;
				CLANG_WARN_QUOTED_INCLUDE_IN_FRAMEWORK_HEADER = YES;
				CLANG_WARN_RANGE_LOOP_ANALYSIS = YES;
				CLANG_WARN_STRICT_PROTOTYPES = YES;
				CLANG_WARN_SUSPICIOUS_MOVE = YES;
				CLANG_WARN_UNGUARDED_AVAILABILITY = YES_AGGRESSIVE;
				CLANG_WARN_UNREACHABLE_CODE = YES;
				CLANG_WARN__DUPLICATE_METHOD_MATCH = YES;
				COPY_PHASE_STRIP = NO;
				DEBUG_INFORMATION_FORMAT = "dwarf-with-dsym";
				ENABLE_NS_ASSERTIONS = NO;
				ENABLE_STRICT_OBJC_MSGSEND = YES;
				ENABLE_USER_SCRIPT_SANDBOXING = YES;
				GCC_C_LANGUAGE_STANDARD = gnu17;
				GCC_NO_COMMON_BLOCKS = YES;
				GCC_WARN_64_TO_32_BIT_CONVERSION = YES;
				GCC_WARN_ABOUT_RETURN_TYPE = YES_ERROR;
				GCC_WARN_UNDECLARED_SELECTOR = YES;
				GCC_WARN_UNINITIALIZED_AUTOS = YES_AGGRESSIVE;
				GCC_WARN_UNUSED_FUNCTION = YES;
				GCC_WARN_UNUSED_VARIABLE = YES;
				IPHONEOS_DEPLOYMENT_TARGET = 17.2;
				LOCALIZATION_PREFERS_STRING_CATALOGS = YES;
				MTL_ENABLE_DEBUG_INFO = NO;
				MTL_FAST_MATH = YES;
				SDKROOT = iphoneos;
				SWIFT_COMPILATION_MODE = wholemodule;
				VALIDATE_PRODUCT = YES;
			};
			name = Release;
		};
		A77B6DF02D6EDDC4008A4C2D /* Debug */ = {
			isa = XCBuildConfiguration;
			buildSettings = {
				ASSETCATALOG_COMPILER_APPICON_NAME = AppIcon;
				ASSETCATALOG_COMPILER_GLOBAL_ACCENT_COLOR_NAME = AccentColor;
				CODE_SIGN_STYLE = Automatic;
				CURRENT_PROJECT_VERSION = 1;
				DEVELOPMENT_ASSET_PATHS = "\"TaskManager/Preview Content\"";
				DEVELOPMENT_TEAM = TXN6T998WP;
				ENABLE_PREVIEWS = YES;
				GENERATE_INFOPLIST_FILE = YES;
				INFOPLIST_KEY_UIApplicationSceneManifest_Generation = YES;
				INFOPLIST_KEY_UIApplicationSupportsIndirectInputEvents = YES;
				INFOPLIST_KEY_UILaunchScreen_Generation = YES;
				INFOPLIST_KEY_UILaunchStoryboardName = LaunchScreen;
				INFOPLIST_KEY_UISupportedInterfaceOrientations = UIInterfaceOrientationPortrait;
				IPHONEOS_DEPLOYMENT_TARGET = 17.0;
				LD_RUNPATH_SEARCH_PATHS = (
					"$(inherited)",
					"@executable_path/Frameworks",
				);
				MARKETING_VERSION = 1.0;
				PRODUCT_BUNDLE_IDENTIFIER = com.testapp.TaskManager;
				PRODUCT_NAME = "$(TARGET_NAME)";
				SUPPORTED_PLATFORMS = "iphoneos iphonesimulator";
				SUPPORTS_MACCATALYST = NO;
				SUPPORTS_MAC_DESIGNED_FOR_IPHONE_IPAD = NO;
				SWIFT_EMIT_LOC_STRINGS = YES;
				SWIFT_VERSION = 5.0;
				TARGETED_DEVICE_FAMILY = "1,2";
			};
			name = Debug;
		};
		A77B6DF12D6EDDC4008A4C2D /* Release */ = {
			isa = XCBuildConfiguration;
			buildSettings = {
				ASSETCATALOG_COMPILER_APPICON_NAME = AppIcon;
				ASSETCATALOG_COMPILER_GLOBAL_ACCENT_COLOR_NAME = AccentColor;
				CODE_SIGN_STYLE = Automatic;
				CURRENT_PROJECT_VERSION = 1;
				DEVELOPMENT_ASSET_PATHS = "\"TaskManager/Preview Content\"";
				DEVELOPMENT_TEAM = TXN6T998WP;
				ENABLE_PREVIEWS = YES;
				GENERATE_INFOPLIST_FILE = YES;
				INFOPLIST_KEY_UIApplicationSceneManifest_Generation = YES;
				INFOPLIST_KEY_UIApplicationSupportsIndirectInputEvents = YES;
				INFOPLIST_KEY_UILaunchScreen_Generation = YES;
				INFOPLIST_KEY_UILaunchStoryboardName = LaunchScreen;
				INFOPLIST_KEY_UISupportedInterfaceOrientations = UIInterfaceOrientationPortrait;
				IPHONEOS_DEPLOYMENT_TARGET = 17.0;
				LD_RUNPATH_SEARCH_PATHS = (
					"$(inherited)",
					"@executable_path/Frameworks",
				);
				MARKETING_VERSION = 1.0;
				PRODUCT_BUNDLE_IDENTIFIER = com.testapp.TaskManager;
				PRODUCT_NAME = "$(TARGET_NAME)";
				SUPPORTED_PLATFORMS = "iphoneos iphonesimulator";
				SUPPORTS_MACCATALYST = NO;
				SUPPORTS_MAC_DESIGNED_FOR_IPHONE_IPAD = NO;
				SWIFT_EMIT_LOC_STRINGS = YES;
				SWIFT_VERSION = 5.0;
				TARGETED_DEVICE_FAMILY = "1,2";
			};
			name = Release;
		};
		A77B6DF32D6EDDC4008A4C2D /* Debug */ = {
			isa = XCBuildConfiguration;
			buildSettings = {
				ALWAYS_EMBED_SWIFT_STANDARD_LIBRARIES = YES;
				BUNDLE_LOADER = "$(TEST_HOST)";
				CODE_SIGN_STYLE = Automatic;
				CURRENT_PROJECT_VERSION = 1;
				DEVELOPMENT_TEAM = TXN6T998WP;
				GENERATE_INFOPLIST_FILE = YES;
				IPHONEOS_DEPLOYMENT_TARGET = 17.2;
				MARKETING_VERSION = 1.0;
				PRODUCT_BUNDLE_IDENTIFIER = com.testapp.TaskManagerTests;
				PRODUCT_NAME = "$(TARGET_NAME)";
				SUPPORTED_PLATFORMS = "iphoneos iphonesimulator";
				SUPPORTS_MACCATALYST = NO;
				SUPPORTS_MAC_DESIGNED_FOR_IPHONE_IPAD = NO;
				SWIFT_EMIT_LOC_STRINGS = NO;
				SWIFT_VERSION = 5.0;
				TARGETED_DEVICE_FAMILY = "1,2";
				TEST_HOST = "$(BUILT_PRODUCTS_DIR)/TaskManager.app/$(BUNDLE_EXECUTABLE_FOLDER_PATH)/TaskManager";
			};
			name = Debug;
		};
		A77B6DF42D6EDDC4008A4C2D /* Release */ = {
			isa = XCBuildConfiguration;
			buildSettings = {
				ALWAYS_EMBED_SWIFT_STANDARD_LIBRARIES = YES;
				BUNDLE_LOADER = "$(TEST_HOST)";
				CODE_SIGN_STYLE = Automatic;
				CURRENT_PROJECT_VERSION = 1;
				DEVELOPMENT_TEAM = TXN6T998WP;
				GENERATE_INFOPLIST_FILE = YES;
				IPHONEOS_DEPLOYMENT_TARGET = 17.2;
				MARKETING_VERSION = 1.0;
				PRODUCT_BUNDLE_IDENTIFIER = com.testapp.TaskManagerTests;
				PRODUCT_NAME = "$(TARGET_NAME)";
				SUPPORTED_PLATFORMS = "iphoneos iphonesimulator";
				SUPPORTS_MACCATALYST = NO;
				SUPPORTS_MAC_DESIGNED_FOR_IPHONE_IPAD = NO;
				SWIFT_EMIT_LOC_STRINGS = NO;
				SWIFT_VERSION = 5.0;
				TARGETED_DEVICE_FAMILY = "1,2";
				TEST_HOST = "$(BUILT_PRODUCTS_DIR)/TaskManager.app/$(BUNDLE_EXECUTABLE_FOLDER_PATH)/TaskManager";
			};
			name = Release;
		};
		A77B6DF62D6EDDC4008A4C2D /* Debug */ = {
			isa = XCBuildConfiguration;
			buildSettings = {
				ALWAYS_EMBED_SWIFT_STANDARD_LIBRARIES = YES;
				CODE_SIGN_STYLE = Automatic;
				CURRENT_PROJECT_VERSION = 1;
				DEVELOPMENT_TEAM = TXN6T998WP;
				GENERATE_INFOPLIST_FILE = YES;
				MARKETING_VERSION = 1.0;
				PRODUCT_BUNDLE_IDENTIFIER = com.testapp.TaskManagerUITests;
				PRODUCT_NAME = "$(TARGET_NAME)";
				SUPPORTED_PLATFORMS = "iphoneos iphonesimulator";
				SUPPORTS_MACCATALYST = NO;
				SUPPORTS_MAC_DESIGNED_FOR_IPHONE_IPAD = NO;
				SWIFT_EMIT_LOC_STRINGS = NO;
				SWIFT_VERSION = 5.0;
				TARGETED_DEVICE_FAMILY = "1,2";
				TEST_TARGET_NAME = TaskManager;
			};
			name = Debug;
		};
		A77B6DF72D6EDDC4008A4C2D /* Release */ = {
			isa = XCBuildConfiguration;
			buildSettings = {
				ALWAYS_EMBED_SWIFT_STANDARD_LIBRARIES = YES;
				CODE_SIGN_STYLE = Automatic;
				CURRENT_PROJECT_VERSION = 1;
				DEVELOPMENT_TEAM = TXN6T998WP;
				GENERATE_INFOPLIST_FILE = YES;
				MARKETING_VERSION = 1.0;
				PRODUCT_BUNDLE_IDENTIFIER = com.testapp.TaskManagerUITests;
				PRODUCT_NAME = "$(TARGET_NAME)";
				SUPPORTED_PLATFORMS = "iphoneos iphonesimulator";
				SUPPORTS_MACCATALYST = NO;
				SUPPORTS_MAC_DESIGNED_FOR_IPHONE_IPAD = NO;
				SWIFT_EMIT_LOC_STRINGS = NO;
				SWIFT_VERSION = 5.0;
				TARGETED_DEVICE_FAMILY = "1,2";
				TEST_TARGET_NAME = TaskManager;
			};
			name = Release;
		};
/* End XCBuildConfiguration section */

/* Begin XCConfigurationList section */
		A77B6DC12D6EDDC3008A4C2D /* Build configuration list for PBXProject "TaskManager" */ = {
			isa = XCConfigurationList;
			buildConfigurations = (
				A77B6DED2D6EDDC4008A4C2D /* Debug */,
				A77B6DEE2D6EDDC4008A4C2D /* Release */,
			);
			defaultConfigurationIsVisible = 0;
			defaultConfigurationName = Release;
		};
		A77B6DEF2D6EDDC4008A4C2D /* Build configuration list for PBXNativeTarget "TaskManager" */ = {
			isa = XCConfigurationList;
			buildConfigurations = (
				A77B6DF02D6EDDC4008A4C2D /* Debug */,
				A77B6DF12D6EDDC4008A4C2D /* Release */,
			);
			defaultConfigurationIsVisible = 0;
			defaultConfigurationName = Release;
		};
		A77B6DF22D6EDDC4008A4C2D /* Build configuration list for PBXNativeTarget "TaskManagerTests" */ = {
			isa = XCConfigurationList;
			buildConfigurations = (
				A77B6DF32D6EDDC4008A4C2D /* Debug */,
				A77B6DF42D6EDDC4008A4C2D /* Release */,
			);
			defaultConfigurationIsVisible = 0;
			defaultConfigurationName = Release;
		};
		A77B6DF52D6EDDC4008A4C2D /* Build configuration list for PBXNativeTarget "TaskManagerUITests" */ = {
			isa = XCConfigurationList;
			buildConfigurations = (
				A77B6DF62D6EDDC4008A4C2D /* Debug */,
				A77B6DF72D6EDDC4008A4C2D /* Release */,
			);
			defaultConfigurationIsVisible = 0;
			defaultConfigurationName = Release;
		};
/* End XCConfigurationList section */

/* Begin XCRemoteSwiftPackageReference section */
		A7ADD5112D72F2AA003673CF /* XCRemoteSwiftPackageReference "swift-snapshot-testing" */ = {
			isa = XCRemoteSwiftPackageReference;
			repositoryURL = "https://github.com/pointfreeco/swift-snapshot-testing.git";
			requirement = {
				kind = upToNextMajorVersion;
				minimumVersion = 1.18.1;
			};
		};
		A7B0F9E92D701B8500F1BE5A /* XCRemoteSwiftPackageReference "SimpleToast" */ = {
			isa = XCRemoteSwiftPackageReference;
			repositoryURL = "https://github.com/sanzaru/SimpleToast.git";
			requirement = {
				kind = upToNextMajorVersion;
				minimumVersion = 0.10.1;
			};
		};
/* End XCRemoteSwiftPackageReference section */

/* Begin XCSwiftPackageProductDependency section */
		A7ADD5122D72F2AA003673CF /* InlineSnapshotTesting */ = {
			isa = XCSwiftPackageProductDependency;
			package = A7ADD5112D72F2AA003673CF /* XCRemoteSwiftPackageReference "swift-snapshot-testing" */;
			productName = InlineSnapshotTesting;
		};
		A7ADD5142D72F2AA003673CF /* SnapshotTesting */ = {
			isa = XCSwiftPackageProductDependency;
			package = A7ADD5112D72F2AA003673CF /* XCRemoteSwiftPackageReference "swift-snapshot-testing" */;
			productName = SnapshotTesting;
		};
		A7ADD5162D72F2AA003673CF /* SnapshotTestingCustomDump */ = {
			isa = XCSwiftPackageProductDependency;
			package = A7ADD5112D72F2AA003673CF /* XCRemoteSwiftPackageReference "swift-snapshot-testing" */;
			productName = SnapshotTestingCustomDump;
		};
		A7B0F9EA2D701B8500F1BE5A /* SimpleToast */ = {
			isa = XCSwiftPackageProductDependency;
			package = A7B0F9E92D701B8500F1BE5A /* XCRemoteSwiftPackageReference "SimpleToast" */;
			productName = SimpleToast;
		};
/* End XCSwiftPackageProductDependency section */

/* Begin XCVersionGroup section */
		A77B6DD42D6EDDC4008A4C2D /* TaskManager.xcdatamodeld */ = {
			isa = XCVersionGroup;
			children = (
				A77B6DD52D6EDDC4008A4C2D /* TaskManager.xcdatamodel */,
			);
			currentVersion = A77B6DD52D6EDDC4008A4C2D /* TaskManager.xcdatamodel */;
			path = TaskManager.xcdatamodeld;
			sourceTree = "<group>";
			versionGroupType = wrapper.xcdatamodel;
		};
/* End XCVersionGroup section */
	};
	rootObject = A77B6DBE2D6EDDC3008A4C2D /* Project object */;
}
